
Microsoft Visual Studio Solution File, Format Version 12.00
# Visual Studio 15
VisualStudioVersion = 15.0.27703.2026
MinimumVisualStudioVersion = 10.0.40219.1
Project("{F2A71F9B-5D33-465A-A702-920D77279786}") = "InternalErrorImpossible", "InternalErrorImpossible\InternalErrorImpossible.fsproj", "{BAC75BA2-3FB4-4D1A-8038-2BBBB4E6F300}"
EndProject
Global
	GlobalSection(SolutionConfigurationPlatforms) = preSolution
		Debug|Any CPU = Debug|Any CPU
		Release|Any CPU = Release|Any CPU
	EndGlobalSection
	GlobalSection(ProjectConfigurationPlatforms) = postSolution
		{BAC75BA2-3FB4-4D1A-8038-2BBBB4E6F300}.Debug|Any CPU.ActiveCfg = Debug|Any CPU
		{BAC75BA2-3FB4-4D1A-8038-2BBBB4E6F300}.Debug|Any CPU.Build.0 = Debug|Any CPU
		{BAC75BA2-3FB4-4D1A-8038-2BBBB4E6F300}.Release|Any CPU.ActiveCfg = Release|Any CPU
		{BAC75BA2-3FB4-4D1A-8038-2BBBB4E6F300}.Release|Any CPU.Build.0 = Release|Any CPU
	EndGlobalSection
	GlobalSection(SolutionProperties) = preSolution
		HideSolutionNode = FALSE
	EndGlobalSection
	GlobalSection(ExtensibilityGlobals) = postSolution
		SolutionGuid = {C19C22F0-2343-49ED-80D9-E7D8D021E000}
	EndGlobalSection
EndGlobal
